// !$*UTF8*$!
{
	archiveVersion = 1;
	classes = {
	};
	objectVersion = 56;
	objects = {

/* Begin PBXBuildFile section */
		24563A1A0CDEA66D915E223E /* Pods_TrackerTests.framework in Frameworks */ = {isa = PBXBuildFile; fileRef = EFDCF34E10DAC3BFA14D070E /* Pods_TrackerTests.framework */; };
		730F6CDD2A26446000B752CD /* DateService.swift in Sources */ = {isa = PBXBuildFile; fileRef = 730F6CDC2A26446000B752CD /* DateService.swift */; };
		7319D2882A1E84790075EE1F /* NewTrackerTableViewCell.swift in Sources */ = {isa = PBXBuildFile; fileRef = 7319D2872A1E84790075EE1F /* NewTrackerTableViewCell.swift */; };
		7319D28A2A1EAEF40075EE1F /* NewTrackerCollectionViewCell.swift in Sources */ = {isa = PBXBuildFile; fileRef = 7319D2892A1EAEF40075EE1F /* NewTrackerCollectionViewCell.swift */; };
		7319D28C2A1EB4080075EE1F /* NewTrackerSupplementaryView.swift in Sources */ = {isa = PBXBuildFile; fileRef = 7319D28B2A1EB4080075EE1F /* NewTrackerSupplementaryView.swift */; };
		7319D2912A1EDBE40075EE1F /* CategoryViewController.swift in Sources */ = {isa = PBXBuildFile; fileRef = 7319D2902A1EDBE40075EE1F /* CategoryViewController.swift */; };
		7319D2942A1EDC860075EE1F /* ScheduleViewController.swift in Sources */ = {isa = PBXBuildFile; fileRef = 7319D2932A1EDC860075EE1F /* ScheduleViewController.swift */; };
		7319D2962A1EDD830075EE1F /* CategoryView.swift in Sources */ = {isa = PBXBuildFile; fileRef = 7319D2952A1EDD830075EE1F /* CategoryView.swift */; };
		7319D2982A1EE1F30075EE1F /* ScheduleView.swift in Sources */ = {isa = PBXBuildFile; fileRef = 7319D2972A1EE1F30075EE1F /* ScheduleView.swift */; };
		7319D29A2A1EE53F0075EE1F /* ScheduleTableViewCell.swift in Sources */ = {isa = PBXBuildFile; fileRef = 7319D2992A1EE53F0075EE1F /* ScheduleTableViewCell.swift */; };
		7319D29C2A1EEA030075EE1F /* NewCategoryViewController.swift in Sources */ = {isa = PBXBuildFile; fileRef = 7319D29B2A1EEA030075EE1F /* NewCategoryViewController.swift */; };
		7319D29E2A1EEA3F0075EE1F /* NewCategoryView.swift in Sources */ = {isa = PBXBuildFile; fileRef = 7319D29D2A1EEA3F0075EE1F /* NewCategoryView.swift */; };
		7319D2A02A1F5BF90075EE1F /* TrackersView.swift in Sources */ = {isa = PBXBuildFile; fileRef = 7319D29F2A1F5BF90075EE1F /* TrackersView.swift */; };
		7319D2A22A1F60C60075EE1F /* TrackersCollectionViewCell.swift in Sources */ = {isa = PBXBuildFile; fileRef = 7319D2A12A1F60C60075EE1F /* TrackersCollectionViewCell.swift */; };
		7319D2A42A1F8A390075EE1F /* TrackersSupplementaryView.swift in Sources */ = {isa = PBXBuildFile; fileRef = 7319D2A32A1F8A390075EE1F /* TrackersSupplementaryView.swift */; };
		7319D2A62A1F9B790075EE1F /* FilterViewController.swift in Sources */ = {isa = PBXBuildFile; fileRef = 7319D2A52A1F9B790075EE1F /* FilterViewController.swift */; };
		7319D2A82A1F9D2C0075EE1F /* FilterTableViewCell.swift in Sources */ = {isa = PBXBuildFile; fileRef = 7319D2A72A1F9D2C0075EE1F /* FilterTableViewCell.swift */; };
		7319D2AC2A1FCA620075EE1F /* Tracker.swift in Sources */ = {isa = PBXBuildFile; fileRef = 7319D2AB2A1FCA620075EE1F /* Tracker.swift */; };
		7319D2AE2A1FCA730075EE1F /* TrackerCategory.swift in Sources */ = {isa = PBXBuildFile; fileRef = 7319D2AD2A1FCA730075EE1F /* TrackerCategory.swift */; };
		7319D2B02A1FCA7F0075EE1F /* TrackerRecord.swift in Sources */ = {isa = PBXBuildFile; fileRef = 7319D2AF2A1FCA7F0075EE1F /* TrackerRecord.swift */; };
		7339075C2A548B93003C2224 /* AlertService.swift in Sources */ = {isa = PBXBuildFile; fileRef = 7339075B2A548B93003C2224 /* AlertService.swift */; };
		733F763A2A353AAD0071EA1C /* TrackerStoreProtocol.swift in Sources */ = {isa = PBXBuildFile; fileRef = 733F76392A353AAD0071EA1C /* TrackerStoreProtocol.swift */; };
		733F763C2A3543BA0071EA1C /* TrackerCategoryStoreProtocol.swift in Sources */ = {isa = PBXBuildFile; fileRef = 733F763B2A3543BA0071EA1C /* TrackerCategoryStoreProtocol.swift */; };
		733F763E2A367A630071EA1C /* TrackersCategoryDelegate.swift in Sources */ = {isa = PBXBuildFile; fileRef = 733F763D2A367A630071EA1C /* TrackersCategoryDelegate.swift */; };
		733F76402A3680190071EA1C /* TrackersDelegate.swift in Sources */ = {isa = PBXBuildFile; fileRef = 733F763F2A3680190071EA1C /* TrackersDelegate.swift */; };
		7340A4362A1E460900F5A9E3 /* TabBarController.swift in Sources */ = {isa = PBXBuildFile; fileRef = 7340A4352A1E460900F5A9E3 /* TabBarController.swift */; };
		7340A4382A1E46BF00F5A9E3 /* StatisticViewController.swift in Sources */ = {isa = PBXBuildFile; fileRef = 7340A4372A1E46BF00F5A9E3 /* StatisticViewController.swift */; };
		7340A43B2A1E497100F5A9E3 /* UIColor + Extension.swift in Sources */ = {isa = PBXBuildFile; fileRef = 7340A43A2A1E497100F5A9E3 /* UIColor + Extension.swift */; };
		7340A4402A1E547900F5A9E3 /* Resourses.swift in Sources */ = {isa = PBXBuildFile; fileRef = 7340A43F2A1E547900F5A9E3 /* Resourses.swift */; };
		7340A4432A1E686900F5A9E3 /* CreateTrackerViewController.swift in Sources */ = {isa = PBXBuildFile; fileRef = 7340A4422A1E686900F5A9E3 /* CreateTrackerViewController.swift */; };
		7340A4462A1E68A600F5A9E3 /* CreateTrackerView.swift in Sources */ = {isa = PBXBuildFile; fileRef = 7340A4452A1E68A600F5A9E3 /* CreateTrackerView.swift */; };
		7340A4492A1E726200F5A9E3 /* NewTrackerViewController.swift in Sources */ = {isa = PBXBuildFile; fileRef = 7340A4482A1E726200F5A9E3 /* NewTrackerViewController.swift */; };
		7340A44B2A1E726E00F5A9E3 /* NewTrackerView.swift in Sources */ = {isa = PBXBuildFile; fileRef = 7340A44A2A1E726E00F5A9E3 /* NewTrackerView.swift */; };
		73741F1F2A65E52A00BB0ECE /* FilterViewModel.swift in Sources */ = {isa = PBXBuildFile; fileRef = 73741F1E2A65E52A00BB0ECE /* FilterViewModel.swift */; };
		7387D4322A4B8AE900AC556D /* OnboardingManager.swift in Sources */ = {isa = PBXBuildFile; fileRef = 7387D4312A4B8AE900AC556D /* OnboardingManager.swift */; };
		7387D4362A4B970800AC556D /* CategoryViewModel.swift in Sources */ = {isa = PBXBuildFile; fileRef = 7387D4352A4B970800AC556D /* CategoryViewModel.swift */; };
		7387D43A2A4C637F00AC556D /* CategoryViewModelProtocol.swift in Sources */ = {isa = PBXBuildFile; fileRef = 7387D4392A4C637F00AC556D /* CategoryViewModelProtocol.swift */; };
		7387D43F2A4C92B700AC556D /* NewTrackerViewModel.swift in Sources */ = {isa = PBXBuildFile; fileRef = 7387D43E2A4C92B700AC556D /* NewTrackerViewModel.swift */; };
		7387D4412A4C93B900AC556D /* NewTrackerViewModelProtocol.swift in Sources */ = {isa = PBXBuildFile; fileRef = 7387D4402A4C93B900AC556D /* NewTrackerViewModelProtocol.swift */; };
		7387D4432A4C953400AC556D /* Observable.swift in Sources */ = {isa = PBXBuildFile; fileRef = 7387D4422A4C953400AC556D /* Observable.swift */; };
		7387D4452A4C95F800AC556D /* TrackersViewModel.swift in Sources */ = {isa = PBXBuildFile; fileRef = 7387D4442A4C95F800AC556D /* TrackersViewModel.swift */; };
		7387D4472A4C962E00AC556D /* TrackersViewModelProtocol.swift in Sources */ = {isa = PBXBuildFile; fileRef = 7387D4462A4C962E00AC556D /* TrackersViewModelProtocol.swift */; };
		7387D44B2A4CD6EA00AC556D /* ScheduleViewModel.swift in Sources */ = {isa = PBXBuildFile; fileRef = 7387D44A2A4CD6EA00AC556D /* ScheduleViewModel.swift */; };
		7387D44D2A4CD72700AC556D /* ScheduleViewModelProtocol.swift in Sources */ = {isa = PBXBuildFile; fileRef = 7387D44C2A4CD72700AC556D /* ScheduleViewModelProtocol.swift */; };
		73AEED6E2A4A36E6009EFD9D /* OnboardingViewController.swift in Sources */ = {isa = PBXBuildFile; fileRef = 73AEED6D2A4A36E6009EFD9D /* OnboardingViewController.swift */; };
		73AEED762A4A375C009EFD9D /* OnboardingPageViewController.swift in Sources */ = {isa = PBXBuildFile; fileRef = 73AEED752A4A375C009EFD9D /* OnboardingPageViewController.swift */; };
		73CA04F52A213E62008536D4 /* CategoryTableViewCell.swift in Sources */ = {isa = PBXBuildFile; fileRef = 73CA04F42A213E62008536D4 /* CategoryTableViewCell.swift */; };
		73CA04FA2A24B15E008536D4 /* TrackerViewControllerProtocol.swift in Sources */ = {isa = PBXBuildFile; fileRef = 73CA04F92A24B15E008536D4 /* TrackerViewControllerProtocol.swift */; };
		73CA04FE2A24DC43008536D4 /* CreateTrackerViewControllerProtocol.swift in Sources */ = {isa = PBXBuildFile; fileRef = 73CA04FD2A24DC42008536D4 /* CreateTrackerViewControllerProtocol.swift */; };
		73CA05002A24DC66008536D4 /* NewTrackerViewControllerProtocol.swift in Sources */ = {isa = PBXBuildFile; fileRef = 73CA04FF2A24DC66008536D4 /* NewTrackerViewControllerProtocol.swift */; };
		73CA05022A24DC84008536D4 /* CategoryViewControllerProtocol.swift in Sources */ = {isa = PBXBuildFile; fileRef = 73CA05012A24DC84008536D4 /* CategoryViewControllerProtocol.swift */; };
		73CA05042A24DFAD008536D4 /* NewCategoryViewControllerProtocol.swift in Sources */ = {isa = PBXBuildFile; fileRef = 73CA05032A24DFAD008536D4 /* NewCategoryViewControllerProtocol.swift */; };
		73CA05072A251383008536D4 /* ScheduleService.swift in Sources */ = {isa = PBXBuildFile; fileRef = 73CA05062A251383008536D4 /* ScheduleService.swift */; };
		73CA05092A251777008536D4 /* ScheduleViewControllerProtocol.swift in Sources */ = {isa = PBXBuildFile; fileRef = 73CA05082A251777008536D4 /* ScheduleViewControllerProtocol.swift */; };
		73CA050B2A2522A4008536D4 /* ScheduleViewControllerDelegate.swift in Sources */ = {isa = PBXBuildFile; fileRef = 73CA050A2A2522A4008536D4 /* ScheduleViewControllerDelegate.swift */; };
		73CFD1232A5309420090BF24 /* Localizable.strings in Resources */ = {isa = PBXBuildFile; fileRef = 73CFD1252A5309420090BF24 /* Localizable.strings */; };
		73CFD1272A530A2F0090BF24 /* LocalizableConstants.swift in Sources */ = {isa = PBXBuildFile; fileRef = 73CFD1262A530A2F0090BF24 /* LocalizableConstants.swift */; };
		73CFD12C2A541CE30090BF24 /* Localizable.stringsdict in Resources */ = {isa = PBXBuildFile; fileRef = 73CFD12E2A541CE40090BF24 /* Localizable.stringsdict */; };
		73D91E7A2A39199300588F8E /* TrackerRecordStoreProtocol.swift in Sources */ = {isa = PBXBuildFile; fileRef = 73D91E792A39199300588F8E /* TrackerRecordStoreProtocol.swift */; };
		73DBA1672A1652CD003FB173 /* AppDelegate.swift in Sources */ = {isa = PBXBuildFile; fileRef = 73DBA1662A1652CD003FB173 /* AppDelegate.swift */; };
		73DBA1692A1652CD003FB173 /* SceneDelegate.swift in Sources */ = {isa = PBXBuildFile; fileRef = 73DBA1682A1652CD003FB173 /* SceneDelegate.swift */; };
		73DBA16B2A1652CD003FB173 /* TrackersViewController.swift in Sources */ = {isa = PBXBuildFile; fileRef = 73DBA16A2A1652CD003FB173 /* TrackersViewController.swift */; };
		73DBA1702A1652CF003FB173 /* Assets.xcassets in Resources */ = {isa = PBXBuildFile; fileRef = 73DBA16F2A1652CF003FB173 /* Assets.xcassets */; };
		73DBA1732A1652CF003FB173 /* LaunchScreen.storyboard in Resources */ = {isa = PBXBuildFile; fileRef = 73DBA1712A1652CF003FB173 /* LaunchScreen.storyboard */; };
		73DBA17C2A167603003FB173 /* SnapKit in Frameworks */ = {isa = PBXBuildFile; productRef = 73DBA17B2A167603003FB173 /* SnapKit */; };
		73E2E0142A60284400C4258D /* CategoryTableViewCellDelegate.swift in Sources */ = {isa = PBXBuildFile; fileRef = 73E2E0132A60284400C4258D /* CategoryTableViewCellDelegate.swift */; };
		73E2E01F2A602F5300C4258D /* TrackerTests.swift in Sources */ = {isa = PBXBuildFile; fileRef = 73E2E01E2A602F5300C4258D /* TrackerTests.swift */; };
		73E2E0272A602FC500C4258D /* SnapshotTesting in Frameworks */ = {isa = PBXBuildFile; productRef = 73E2E0262A602FC500C4258D /* SnapshotTesting */; };
		73E2E02A2A60589000C4258D /* EditingCategoryViewController.swift in Sources */ = {isa = PBXBuildFile; fileRef = 73E2E0292A60589000C4258D /* EditingCategoryViewController.swift */; };
		73E2E02C2A6058A600C4258D /* EditingCategoryView.swift in Sources */ = {isa = PBXBuildFile; fileRef = 73E2E02B2A6058A600C4258D /* EditingCategoryView.swift */; };
		73E2E02E2A605B2800C4258D /* EditingCategoryViewModel.swift in Sources */ = {isa = PBXBuildFile; fileRef = 73E2E02D2A605B2800C4258D /* EditingCategoryViewModel.swift */; };
		73EF41DF2A32773B003F25FA /* CoreDataModel.xcdatamodeld in Sources */ = {isa = PBXBuildFile; fileRef = 73EF41DD2A32773B003F25FA /* CoreDataModel.xcdatamodeld */; };
		73EF41E22A3283BF003F25FA /* TrackerStore.swift in Sources */ = {isa = PBXBuildFile; fileRef = 73EF41E12A3283BF003F25FA /* TrackerStore.swift */; };
		73EF41E42A3283D4003F25FA /* TrackerCategoryStore.swift in Sources */ = {isa = PBXBuildFile; fileRef = 73EF41E32A3283D4003F25FA /* TrackerCategoryStore.swift */; };
		73EF41E62A3283E3003F25FA /* TrackerRecordStore.swift in Sources */ = {isa = PBXBuildFile; fileRef = 73EF41E52A3283E3003F25FA /* TrackerRecordStore.swift */; };
		73EF41E82A328AEC003F25FA /* UIColorMarshalling.swift in Sources */ = {isa = PBXBuildFile; fileRef = 73EF41E72A328AEC003F25FA /* UIColorMarshalling.swift */; };
		73EF41EF2A333173003F25FA /* DataProvider.swift in Sources */ = {isa = PBXBuildFile; fileRef = 73EF41EE2A333173003F25FA /* DataProvider.swift */; };
		73FB36C42A28C33000411A25 /* TrackerCollectionViewCellDelegate.swift in Sources */ = {isa = PBXBuildFile; fileRef = 73FB36C32A28C33000411A25 /* TrackerCollectionViewCellDelegate.swift */; };
		73FEF1622A642BB900FF85A3 /* AnalyticsService.swift in Sources */ = {isa = PBXBuildFile; fileRef = 73FEF1612A642BB900FF85A3 /* AnalyticsService.swift */; };
		73FEF1642A6533DF00FF85A3 /* CALayer + Extension.swift in Sources */ = {isa = PBXBuildFile; fileRef = 73FEF1632A6533DF00FF85A3 /* CALayer + Extension.swift */; };
		73FEF1662A6536C400FF85A3 /* StatisticView.swift in Sources */ = {isa = PBXBuildFile; fileRef = 73FEF1652A6536C300FF85A3 /* StatisticView.swift */; };
		73FEF1682A653A2F00FF85A3 /* StatisticCellView.swift in Sources */ = {isa = PBXBuildFile; fileRef = 73FEF1672A653A2F00FF85A3 /* StatisticCellView.swift */; };
		73FEF16A2A65432300FF85A3 /* StatisticService.swift in Sources */ = {isa = PBXBuildFile; fileRef = 73FEF1692A65432300FF85A3 /* StatisticService.swift */; };
		73FEF16D2A65436F00FF85A3 /* StatisticServiceProtocol.swift in Sources */ = {isa = PBXBuildFile; fileRef = 73FEF16C2A65436F00FF85A3 /* StatisticServiceProtocol.swift */; };
		73FEF16F2A65440800FF85A3 /* TrackerStatistic.swift in Sources */ = {isa = PBXBuildFile; fileRef = 73FEF16E2A65440800FF85A3 /* TrackerStatistic.swift */; };
		73FEF1722A654F2E00FF85A3 /* StatisticViewModelProtocol.swift in Sources */ = {isa = PBXBuildFile; fileRef = 73FEF1712A654F2E00FF85A3 /* StatisticViewModelProtocol.swift */; };
		73FEF1742A654F5D00FF85A3 /* StatisticViewModel.swift in Sources */ = {isa = PBXBuildFile; fileRef = 73FEF1732A654F5D00FF85A3 /* StatisticViewModel.swift */; };
		90239246474D010AC9FF0D9E /* Pods_Tracker.framework in Frameworks */ = {isa = PBXBuildFile; fileRef = B2BFBCDD187C520024915014 /* Pods_Tracker.framework */; };
/* End PBXBuildFile section */

/* Begin PBXContainerItemProxy section */
		73E2E0202A602F5300C4258D /* PBXContainerItemProxy */ = {
			isa = PBXContainerItemProxy;
			containerPortal = 73DBA15B2A1652CD003FB173 /* Project object */;
			proxyType = 1;
			remoteGlobalIDString = 73DBA1622A1652CD003FB173;
			remoteInfo = Tracker;
		};
/* End PBXContainerItemProxy section */

/* Begin PBXFileReference section */
		1BC6BD6AF2DC370414560097 /* Pods-Tracker.debug.xcconfig */ = {isa = PBXFileReference; includeInIndex = 1; lastKnownFileType = text.xcconfig; name = "Pods-Tracker.debug.xcconfig"; path = "Target Support Files/Pods-Tracker/Pods-Tracker.debug.xcconfig"; sourceTree = "<group>"; };
		2FF784C77FB1F49C9983F969 /* Pods-TrackerTests.debug.xcconfig */ = {isa = PBXFileReference; includeInIndex = 1; lastKnownFileType = text.xcconfig; name = "Pods-TrackerTests.debug.xcconfig"; path = "Target Support Files/Pods-TrackerTests/Pods-TrackerTests.debug.xcconfig"; sourceTree = "<group>"; };
		39790B65BA7421A600230256 /* Pods-Tracker.release.xcconfig */ = {isa = PBXFileReference; includeInIndex = 1; lastKnownFileType = text.xcconfig; name = "Pods-Tracker.release.xcconfig"; path = "Target Support Files/Pods-Tracker/Pods-Tracker.release.xcconfig"; sourceTree = "<group>"; };
		730F6CDC2A26446000B752CD /* DateService.swift */ = {isa = PBXFileReference; lastKnownFileType = sourcecode.swift; path = DateService.swift; sourceTree = "<group>"; };
		7319D2872A1E84790075EE1F /* NewTrackerTableViewCell.swift */ = {isa = PBXFileReference; lastKnownFileType = sourcecode.swift; path = NewTrackerTableViewCell.swift; sourceTree = "<group>"; };
		7319D2892A1EAEF40075EE1F /* NewTrackerCollectionViewCell.swift */ = {isa = PBXFileReference; lastKnownFileType = sourcecode.swift; path = NewTrackerCollectionViewCell.swift; sourceTree = "<group>"; };
		7319D28B2A1EB4080075EE1F /* NewTrackerSupplementaryView.swift */ = {isa = PBXFileReference; lastKnownFileType = sourcecode.swift; path = NewTrackerSupplementaryView.swift; sourceTree = "<group>"; };
		7319D2902A1EDBE40075EE1F /* CategoryViewController.swift */ = {isa = PBXFileReference; lastKnownFileType = sourcecode.swift; path = CategoryViewController.swift; sourceTree = "<group>"; };
		7319D2932A1EDC860075EE1F /* ScheduleViewController.swift */ = {isa = PBXFileReference; lastKnownFileType = sourcecode.swift; path = ScheduleViewController.swift; sourceTree = "<group>"; };
		7319D2952A1EDD830075EE1F /* CategoryView.swift */ = {isa = PBXFileReference; lastKnownFileType = sourcecode.swift; path = CategoryView.swift; sourceTree = "<group>"; };
		7319D2972A1EE1F30075EE1F /* ScheduleView.swift */ = {isa = PBXFileReference; lastKnownFileType = sourcecode.swift; path = ScheduleView.swift; sourceTree = "<group>"; };
		7319D2992A1EE53F0075EE1F /* ScheduleTableViewCell.swift */ = {isa = PBXFileReference; lastKnownFileType = sourcecode.swift; path = ScheduleTableViewCell.swift; sourceTree = "<group>"; };
		7319D29B2A1EEA030075EE1F /* NewCategoryViewController.swift */ = {isa = PBXFileReference; lastKnownFileType = sourcecode.swift; path = NewCategoryViewController.swift; sourceTree = "<group>"; };
		7319D29D2A1EEA3F0075EE1F /* NewCategoryView.swift */ = {isa = PBXFileReference; lastKnownFileType = sourcecode.swift; path = NewCategoryView.swift; sourceTree = "<group>"; };
		7319D29F2A1F5BF90075EE1F /* TrackersView.swift */ = {isa = PBXFileReference; lastKnownFileType = sourcecode.swift; path = TrackersView.swift; sourceTree = "<group>"; };
		7319D2A12A1F60C60075EE1F /* TrackersCollectionViewCell.swift */ = {isa = PBXFileReference; lastKnownFileType = sourcecode.swift; path = TrackersCollectionViewCell.swift; sourceTree = "<group>"; };
		7319D2A32A1F8A390075EE1F /* TrackersSupplementaryView.swift */ = {isa = PBXFileReference; lastKnownFileType = sourcecode.swift; path = TrackersSupplementaryView.swift; sourceTree = "<group>"; };
		7319D2A52A1F9B790075EE1F /* FilterViewController.swift */ = {isa = PBXFileReference; lastKnownFileType = sourcecode.swift; path = FilterViewController.swift; sourceTree = "<group>"; };
		7319D2A72A1F9D2C0075EE1F /* FilterTableViewCell.swift */ = {isa = PBXFileReference; lastKnownFileType = sourcecode.swift; path = FilterTableViewCell.swift; sourceTree = "<group>"; };
		7319D2AB2A1FCA620075EE1F /* Tracker.swift */ = {isa = PBXFileReference; lastKnownFileType = sourcecode.swift; path = Tracker.swift; sourceTree = "<group>"; };
		7319D2AD2A1FCA730075EE1F /* TrackerCategory.swift */ = {isa = PBXFileReference; lastKnownFileType = sourcecode.swift; path = TrackerCategory.swift; sourceTree = "<group>"; };
		7319D2AF2A1FCA7F0075EE1F /* TrackerRecord.swift */ = {isa = PBXFileReference; lastKnownFileType = sourcecode.swift; path = TrackerRecord.swift; sourceTree = "<group>"; };
		7339075B2A548B93003C2224 /* AlertService.swift */ = {isa = PBXFileReference; lastKnownFileType = sourcecode.swift; path = AlertService.swift; sourceTree = "<group>"; };
		733F76392A353AAD0071EA1C /* TrackerStoreProtocol.swift */ = {isa = PBXFileReference; lastKnownFileType = sourcecode.swift; path = TrackerStoreProtocol.swift; sourceTree = "<group>"; };
		733F763B2A3543BA0071EA1C /* TrackerCategoryStoreProtocol.swift */ = {isa = PBXFileReference; lastKnownFileType = sourcecode.swift; path = TrackerCategoryStoreProtocol.swift; sourceTree = "<group>"; };
		733F763D2A367A630071EA1C /* TrackersCategoryDelegate.swift */ = {isa = PBXFileReference; lastKnownFileType = sourcecode.swift; path = TrackersCategoryDelegate.swift; sourceTree = "<group>"; };
		733F763F2A3680190071EA1C /* TrackersDelegate.swift */ = {isa = PBXFileReference; lastKnownFileType = sourcecode.swift; path = TrackersDelegate.swift; sourceTree = "<group>"; };
		7340A4352A1E460900F5A9E3 /* TabBarController.swift */ = {isa = PBXFileReference; lastKnownFileType = sourcecode.swift; path = TabBarController.swift; sourceTree = "<group>"; };
		7340A4372A1E46BF00F5A9E3 /* StatisticViewController.swift */ = {isa = PBXFileReference; lastKnownFileType = sourcecode.swift; path = StatisticViewController.swift; sourceTree = "<group>"; };
		7340A43A2A1E497100F5A9E3 /* UIColor + Extension.swift */ = {isa = PBXFileReference; lastKnownFileType = sourcecode.swift; path = "UIColor + Extension.swift"; sourceTree = "<group>"; };
		7340A43F2A1E547900F5A9E3 /* Resourses.swift */ = {isa = PBXFileReference; lastKnownFileType = sourcecode.swift; path = Resourses.swift; sourceTree = "<group>"; };
		7340A4422A1E686900F5A9E3 /* CreateTrackerViewController.swift */ = {isa = PBXFileReference; lastKnownFileType = sourcecode.swift; path = CreateTrackerViewController.swift; sourceTree = "<group>"; };
		7340A4452A1E68A600F5A9E3 /* CreateTrackerView.swift */ = {isa = PBXFileReference; lastKnownFileType = sourcecode.swift; path = CreateTrackerView.swift; sourceTree = "<group>"; };
		7340A4482A1E726200F5A9E3 /* NewTrackerViewController.swift */ = {isa = PBXFileReference; lastKnownFileType = sourcecode.swift; path = NewTrackerViewController.swift; sourceTree = "<group>"; };
		7340A44A2A1E726E00F5A9E3 /* NewTrackerView.swift */ = {isa = PBXFileReference; lastKnownFileType = sourcecode.swift; path = NewTrackerView.swift; sourceTree = "<group>"; };
		73741F1E2A65E52A00BB0ECE /* FilterViewModel.swift */ = {isa = PBXFileReference; lastKnownFileType = sourcecode.swift; path = FilterViewModel.swift; sourceTree = "<group>"; };
		7387D4312A4B8AE900AC556D /* OnboardingManager.swift */ = {isa = PBXFileReference; lastKnownFileType = sourcecode.swift; path = OnboardingManager.swift; sourceTree = "<group>"; };
		7387D4352A4B970800AC556D /* CategoryViewModel.swift */ = {isa = PBXFileReference; lastKnownFileType = sourcecode.swift; path = CategoryViewModel.swift; sourceTree = "<group>"; };
		7387D4392A4C637F00AC556D /* CategoryViewModelProtocol.swift */ = {isa = PBXFileReference; lastKnownFileType = sourcecode.swift; path = CategoryViewModelProtocol.swift; sourceTree = "<group>"; };
		7387D43E2A4C92B700AC556D /* NewTrackerViewModel.swift */ = {isa = PBXFileReference; lastKnownFileType = sourcecode.swift; path = NewTrackerViewModel.swift; sourceTree = "<group>"; };
		7387D4402A4C93B900AC556D /* NewTrackerViewModelProtocol.swift */ = {isa = PBXFileReference; lastKnownFileType = sourcecode.swift; path = NewTrackerViewModelProtocol.swift; sourceTree = "<group>"; };
		7387D4422A4C953400AC556D /* Observable.swift */ = {isa = PBXFileReference; lastKnownFileType = sourcecode.swift; path = Observable.swift; sourceTree = "<group>"; };
		7387D4442A4C95F800AC556D /* TrackersViewModel.swift */ = {isa = PBXFileReference; lastKnownFileType = sourcecode.swift; path = TrackersViewModel.swift; sourceTree = "<group>"; };
		7387D4462A4C962E00AC556D /* TrackersViewModelProtocol.swift */ = {isa = PBXFileReference; lastKnownFileType = sourcecode.swift; path = TrackersViewModelProtocol.swift; sourceTree = "<group>"; };
		7387D44A2A4CD6EA00AC556D /* ScheduleViewModel.swift */ = {isa = PBXFileReference; lastKnownFileType = sourcecode.swift; path = ScheduleViewModel.swift; sourceTree = "<group>"; };
		7387D44C2A4CD72700AC556D /* ScheduleViewModelProtocol.swift */ = {isa = PBXFileReference; lastKnownFileType = sourcecode.swift; path = ScheduleViewModelProtocol.swift; sourceTree = "<group>"; };
		73AEED6D2A4A36E6009EFD9D /* OnboardingViewController.swift */ = {isa = PBXFileReference; lastKnownFileType = sourcecode.swift; path = OnboardingViewController.swift; sourceTree = "<group>"; };
		73AEED752A4A375C009EFD9D /* OnboardingPageViewController.swift */ = {isa = PBXFileReference; lastKnownFileType = sourcecode.swift; path = OnboardingPageViewController.swift; sourceTree = "<group>"; };
		73CA04F42A213E62008536D4 /* CategoryTableViewCell.swift */ = {isa = PBXFileReference; lastKnownFileType = sourcecode.swift; path = CategoryTableViewCell.swift; sourceTree = "<group>"; };
		73CA04F92A24B15E008536D4 /* TrackerViewControllerProtocol.swift */ = {isa = PBXFileReference; lastKnownFileType = sourcecode.swift; path = TrackerViewControllerProtocol.swift; sourceTree = "<group>"; };
		73CA04FD2A24DC42008536D4 /* CreateTrackerViewControllerProtocol.swift */ = {isa = PBXFileReference; lastKnownFileType = sourcecode.swift; path = CreateTrackerViewControllerProtocol.swift; sourceTree = "<group>"; };
		73CA04FF2A24DC66008536D4 /* NewTrackerViewControllerProtocol.swift */ = {isa = PBXFileReference; lastKnownFileType = sourcecode.swift; path = NewTrackerViewControllerProtocol.swift; sourceTree = "<group>"; };
		73CA05012A24DC84008536D4 /* CategoryViewControllerProtocol.swift */ = {isa = PBXFileReference; lastKnownFileType = sourcecode.swift; path = CategoryViewControllerProtocol.swift; sourceTree = "<group>"; };
		73CA05032A24DFAD008536D4 /* NewCategoryViewControllerProtocol.swift */ = {isa = PBXFileReference; lastKnownFileType = sourcecode.swift; path = NewCategoryViewControllerProtocol.swift; sourceTree = "<group>"; };
		73CA05062A251383008536D4 /* ScheduleService.swift */ = {isa = PBXFileReference; lastKnownFileType = sourcecode.swift; path = ScheduleService.swift; sourceTree = "<group>"; };
		73CA05082A251777008536D4 /* ScheduleViewControllerProtocol.swift */ = {isa = PBXFileReference; lastKnownFileType = sourcecode.swift; path = ScheduleViewControllerProtocol.swift; sourceTree = "<group>"; };
		73CA050A2A2522A4008536D4 /* ScheduleViewControllerDelegate.swift */ = {isa = PBXFileReference; lastKnownFileType = sourcecode.swift; path = ScheduleViewControllerDelegate.swift; sourceTree = "<group>"; };
		73CFD1242A5309420090BF24 /* en */ = {isa = PBXFileReference; lastKnownFileType = text.plist.strings; name = en; path = en.lproj/Localizable.strings; sourceTree = "<group>"; };
		73CFD1262A530A2F0090BF24 /* LocalizableConstants.swift */ = {isa = PBXFileReference; lastKnownFileType = sourcecode.swift; path = LocalizableConstants.swift; sourceTree = "<group>"; };
		73CFD1282A530ACE0090BF24 /* ru */ = {isa = PBXFileReference; lastKnownFileType = text.plist.strings; name = ru; path = ru.lproj/Localizable.strings; sourceTree = "<group>"; };
		73CFD1292A5335D70090BF24 /* he */ = {isa = PBXFileReference; lastKnownFileType = text.plist.strings; name = he; path = he.lproj/Localizable.strings; sourceTree = "<group>"; };
		73CFD12D2A541CE40090BF24 /* en */ = {isa = PBXFileReference; lastKnownFileType = text.plist.stringsdict; name = en; path = en.lproj/Localizable.stringsdict; sourceTree = "<group>"; };
		73CFD12F2A541CE70090BF24 /* he */ = {isa = PBXFileReference; lastKnownFileType = text.plist.stringsdict; name = he; path = he.lproj/Localizable.stringsdict; sourceTree = "<group>"; };
		73CFD1302A541CE80090BF24 /* ru */ = {isa = PBXFileReference; lastKnownFileType = text.plist.stringsdict; name = ru; path = ru.lproj/Localizable.stringsdict; sourceTree = "<group>"; };
		73D91E792A39199300588F8E /* TrackerRecordStoreProtocol.swift */ = {isa = PBXFileReference; lastKnownFileType = sourcecode.swift; path = TrackerRecordStoreProtocol.swift; sourceTree = "<group>"; };
		73DBA1632A1652CD003FB173 /* Tracker.app */ = {isa = PBXFileReference; explicitFileType = wrapper.application; includeInIndex = 0; path = Tracker.app; sourceTree = BUILT_PRODUCTS_DIR; };
		73DBA1662A1652CD003FB173 /* AppDelegate.swift */ = {isa = PBXFileReference; lastKnownFileType = sourcecode.swift; path = AppDelegate.swift; sourceTree = "<group>"; };
		73DBA1682A1652CD003FB173 /* SceneDelegate.swift */ = {isa = PBXFileReference; lastKnownFileType = sourcecode.swift; path = SceneDelegate.swift; sourceTree = "<group>"; };
		73DBA16A2A1652CD003FB173 /* TrackersViewController.swift */ = {isa = PBXFileReference; lastKnownFileType = sourcecode.swift; path = TrackersViewController.swift; sourceTree = "<group>"; };
		73DBA16F2A1652CF003FB173 /* Assets.xcassets */ = {isa = PBXFileReference; lastKnownFileType = folder.assetcatalog; path = Assets.xcassets; sourceTree = "<group>"; };
		73DBA1722A1652CF003FB173 /* Base */ = {isa = PBXFileReference; lastKnownFileType = file.storyboard; name = Base; path = Base.lproj/LaunchScreen.storyboard; sourceTree = "<group>"; };
		73DBA1742A1652CF003FB173 /* Info.plist */ = {isa = PBXFileReference; lastKnownFileType = text.plist.xml; path = Info.plist; sourceTree = "<group>"; };
		73E2E0132A60284400C4258D /* CategoryTableViewCellDelegate.swift */ = {isa = PBXFileReference; lastKnownFileType = sourcecode.swift; path = CategoryTableViewCellDelegate.swift; sourceTree = "<group>"; };
		73E2E01C2A602F5300C4258D /* TrackerTests.xctest */ = {isa = PBXFileReference; explicitFileType = wrapper.cfbundle; includeInIndex = 0; path = TrackerTests.xctest; sourceTree = BUILT_PRODUCTS_DIR; };
		73E2E01E2A602F5300C4258D /* TrackerTests.swift */ = {isa = PBXFileReference; lastKnownFileType = sourcecode.swift; path = TrackerTests.swift; sourceTree = "<group>"; };
		73E2E0292A60589000C4258D /* EditingCategoryViewController.swift */ = {isa = PBXFileReference; lastKnownFileType = sourcecode.swift; path = EditingCategoryViewController.swift; sourceTree = "<group>"; };
		73E2E02B2A6058A600C4258D /* EditingCategoryView.swift */ = {isa = PBXFileReference; lastKnownFileType = sourcecode.swift; path = EditingCategoryView.swift; sourceTree = "<group>"; };
		73E2E02D2A605B2800C4258D /* EditingCategoryViewModel.swift */ = {isa = PBXFileReference; lastKnownFileType = sourcecode.swift; path = EditingCategoryViewModel.swift; sourceTree = "<group>"; };
		73EF41DE2A32773B003F25FA /* CoreDataModel.xcdatamodel */ = {isa = PBXFileReference; lastKnownFileType = wrapper.xcdatamodel; path = CoreDataModel.xcdatamodel; sourceTree = "<group>"; };
		73EF41E12A3283BF003F25FA /* TrackerStore.swift */ = {isa = PBXFileReference; lastKnownFileType = sourcecode.swift; path = TrackerStore.swift; sourceTree = "<group>"; };
		73EF41E32A3283D4003F25FA /* TrackerCategoryStore.swift */ = {isa = PBXFileReference; lastKnownFileType = sourcecode.swift; path = TrackerCategoryStore.swift; sourceTree = "<group>"; };
		73EF41E52A3283E3003F25FA /* TrackerRecordStore.swift */ = {isa = PBXFileReference; lastKnownFileType = sourcecode.swift; path = TrackerRecordStore.swift; sourceTree = "<group>"; };
		73EF41E72A328AEC003F25FA /* UIColorMarshalling.swift */ = {isa = PBXFileReference; lastKnownFileType = sourcecode.swift; path = UIColorMarshalling.swift; sourceTree = "<group>"; };
		73EF41EE2A333173003F25FA /* DataProvider.swift */ = {isa = PBXFileReference; lastKnownFileType = sourcecode.swift; path = DataProvider.swift; sourceTree = "<group>"; };
		73FB36C32A28C33000411A25 /* TrackerCollectionViewCellDelegate.swift */ = {isa = PBXFileReference; lastKnownFileType = sourcecode.swift; path = TrackerCollectionViewCellDelegate.swift; sourceTree = "<group>"; };
		73FEF1612A642BB900FF85A3 /* AnalyticsService.swift */ = {isa = PBXFileReference; lastKnownFileType = sourcecode.swift; path = AnalyticsService.swift; sourceTree = "<group>"; };
		73FEF1632A6533DF00FF85A3 /* CALayer + Extension.swift */ = {isa = PBXFileReference; lastKnownFileType = sourcecode.swift; path = "CALayer + Extension.swift"; sourceTree = "<group>"; };
		73FEF1652A6536C300FF85A3 /* StatisticView.swift */ = {isa = PBXFileReference; lastKnownFileType = sourcecode.swift; path = StatisticView.swift; sourceTree = "<group>"; };
		73FEF1672A653A2F00FF85A3 /* StatisticCellView.swift */ = {isa = PBXFileReference; lastKnownFileType = sourcecode.swift; path = StatisticCellView.swift; sourceTree = "<group>"; };
		73FEF1692A65432300FF85A3 /* StatisticService.swift */ = {isa = PBXFileReference; lastKnownFileType = sourcecode.swift; path = StatisticService.swift; sourceTree = "<group>"; };
		73FEF16C2A65436F00FF85A3 /* StatisticServiceProtocol.swift */ = {isa = PBXFileReference; lastKnownFileType = sourcecode.swift; path = StatisticServiceProtocol.swift; sourceTree = "<group>"; };
		73FEF16E2A65440800FF85A3 /* TrackerStatistic.swift */ = {isa = PBXFileReference; lastKnownFileType = sourcecode.swift; path = TrackerStatistic.swift; sourceTree = "<group>"; };
		73FEF1712A654F2E00FF85A3 /* StatisticViewModelProtocol.swift */ = {isa = PBXFileReference; lastKnownFileType = sourcecode.swift; path = StatisticViewModelProtocol.swift; sourceTree = "<group>"; };
		73FEF1732A654F5D00FF85A3 /* StatisticViewModel.swift */ = {isa = PBXFileReference; lastKnownFileType = sourcecode.swift; path = StatisticViewModel.swift; sourceTree = "<group>"; };
		A0A1CFE364CB7D9E657CF208 /* Pods-TrackerTests.release.xcconfig */ = {isa = PBXFileReference; includeInIndex = 1; lastKnownFileType = text.xcconfig; name = "Pods-TrackerTests.release.xcconfig"; path = "Target Support Files/Pods-TrackerTests/Pods-TrackerTests.release.xcconfig"; sourceTree = "<group>"; };
		B2BFBCDD187C520024915014 /* Pods_Tracker.framework */ = {isa = PBXFileReference; explicitFileType = wrapper.framework; includeInIndex = 0; path = Pods_Tracker.framework; sourceTree = BUILT_PRODUCTS_DIR; };
		EFDCF34E10DAC3BFA14D070E /* Pods_TrackerTests.framework */ = {isa = PBXFileReference; explicitFileType = wrapper.framework; includeInIndex = 0; path = Pods_TrackerTests.framework; sourceTree = BUILT_PRODUCTS_DIR; };
/* End PBXFileReference section */

/* Begin PBXFrameworksBuildPhase section */
		73DBA1602A1652CD003FB173 /* Frameworks */ = {
			isa = PBXFrameworksBuildPhase;
			buildActionMask = 2147483647;
			files = (
				73DBA17C2A167603003FB173 /* SnapKit in Frameworks */,
				90239246474D010AC9FF0D9E /* Pods_Tracker.framework in Frameworks */,
			);
			runOnlyForDeploymentPostprocessing = 0;
		};
		73E2E0192A602F5300C4258D /* Frameworks */ = {
			isa = PBXFrameworksBuildPhase;
			buildActionMask = 2147483647;
			files = (
				73E2E0272A602FC500C4258D /* SnapshotTesting in Frameworks */,
				24563A1A0CDEA66D915E223E /* Pods_TrackerTests.framework in Frameworks */,
			);
			runOnlyForDeploymentPostprocessing = 0;
		};
/* End PBXFrameworksBuildPhase section */

/* Begin PBXGroup section */
		7319D28F2A1EDBC70075EE1F /* Category */ = {
			isa = PBXGroup;
			children = (
				73E2E0282A60587800C4258D /* EditingCategory */,
				7387D4332A4B969400AC556D /* NewCategory */,
				73E2E0122A60280E00C4258D /* Delegates */,
				73FB36C12A28C2A700411A25 /* Protocols */,
				7319D2952A1EDD830075EE1F /* CategoryView.swift */,
				7319D2902A1EDBE40075EE1F /* CategoryViewController.swift */,
				73CA04F42A213E62008536D4 /* CategoryTableViewCell.swift */,
				7387D4352A4B970800AC556D /* CategoryViewModel.swift */,
			);
			path = Category;
			sourceTree = "<group>";
		};
		7319D2922A1EDC680075EE1F /* Schedule */ = {
			isa = PBXGroup;
			children = (
				73FB36BD2A28C24000411A25 /* Delegates */,
				73FB36BC2A28C21800411A25 /* Protocols */,
				7319D2972A1EE1F30075EE1F /* ScheduleView.swift */,
				7319D2932A1EDC860075EE1F /* ScheduleViewController.swift */,
				7387D44A2A4CD6EA00AC556D /* ScheduleViewModel.swift */,
				7319D2992A1EE53F0075EE1F /* ScheduleTableViewCell.swift */,
			);
			path = Schedule;
			sourceTree = "<group>";
		};
		7319D2A92A1FA1D10075EE1F /* Filter */ = {
			isa = PBXGroup;
			children = (
				7319D2A52A1F9B790075EE1F /* FilterViewController.swift */,
				7319D2A72A1F9D2C0075EE1F /* FilterTableViewCell.swift */,
				73741F1E2A65E52A00BB0ECE /* FilterViewModel.swift */,
			);
			path = Filter;
			sourceTree = "<group>";
		};
		7319D2AA2A1FCA490075EE1F /* Model */ = {
			isa = PBXGroup;
			children = (
				7319D2AB2A1FCA620075EE1F /* Tracker.swift */,
				7319D2AD2A1FCA730075EE1F /* TrackerCategory.swift */,
				7319D2AF2A1FCA7F0075EE1F /* TrackerRecord.swift */,
				73FEF16E2A65440800FF85A3 /* TrackerStatistic.swift */,
			);
			path = Model;
			sourceTree = "<group>";
		};
		7340A4342A1E45F500F5A9E3 /* Controllers */ = {
			isa = PBXGroup;
			children = (
				73AEED6A2A4A367F009EFD9D /* Onboarding */,
				7340A43C2A1E52C600F5A9E3 /* Trackers */,
				7340A43D2A1E52D600F5A9E3 /* Statisctic */,
				7340A4352A1E460900F5A9E3 /* TabBarController.swift */,
			);
			path = Controllers;
			sourceTree = "<group>";
		};
		7340A4392A1E494200F5A9E3 /* Helpers */ = {
			isa = PBXGroup;
			children = (
				7340A43A2A1E497100F5A9E3 /* UIColor + Extension.swift */,
				73FEF1632A6533DF00FF85A3 /* CALayer + Extension.swift */,
			);
			path = Helpers;
			sourceTree = "<group>";
		};
		7340A43C2A1E52C600F5A9E3 /* Trackers */ = {
			isa = PBXGroup;
			children = (
				73FB36C22A28C30E00411A25 /* Delegates */,
				73FB36BE2A28C25A00411A25 /* Protocols */,
				7319D29F2A1F5BF90075EE1F /* TrackersView.swift */,
				73DBA16A2A1652CD003FB173 /* TrackersViewController.swift */,
				7387D4442A4C95F800AC556D /* TrackersViewModel.swift */,
				7319D2A12A1F60C60075EE1F /* TrackersCollectionViewCell.swift */,
				7319D2A32A1F8A390075EE1F /* TrackersSupplementaryView.swift */,
				7319D2A92A1FA1D10075EE1F /* Filter */,
				7340A4412A1E67AA00F5A9E3 /* CreateTracker */,
			);
			path = Trackers;
			sourceTree = "<group>";
		};
		7340A43D2A1E52D600F5A9E3 /* Statisctic */ = {
			isa = PBXGroup;
			children = (
				73FEF1702A654F1A00FF85A3 /* Protocols */,
				73FEF1672A653A2F00FF85A3 /* StatisticCellView.swift */,
				73FEF1652A6536C300FF85A3 /* StatisticView.swift */,
				7340A4372A1E46BF00F5A9E3 /* StatisticViewController.swift */,
				73FEF1732A654F5D00FF85A3 /* StatisticViewModel.swift */,
			);
			path = Statisctic;
			sourceTree = "<group>";
		};
		7340A43E2A1E546200F5A9E3 /* Resourses */ = {
			isa = PBXGroup;
			children = (
				7340A43F2A1E547900F5A9E3 /* Resourses.swift */,
				73CFD1262A530A2F0090BF24 /* LocalizableConstants.swift */,
				73CFD1252A5309420090BF24 /* Localizable.strings */,
				73CFD12E2A541CE40090BF24 /* Localizable.stringsdict */,
			);
			path = Resourses;
			sourceTree = "<group>";
		};
		7340A4412A1E67AA00F5A9E3 /* CreateTracker */ = {
			isa = PBXGroup;
			children = (
				73FB36BF2A28C28500411A25 /* Protocols */,
				7340A4452A1E68A600F5A9E3 /* CreateTrackerView.swift */,
				7340A4422A1E686900F5A9E3 /* CreateTrackerViewController.swift */,
				7340A4442A1E689200F5A9E3 /* NewTracker */,
			);
			path = CreateTracker;
			sourceTree = "<group>";
		};
		7340A4442A1E689200F5A9E3 /* NewTracker */ = {
			isa = PBXGroup;
			children = (
				73FB36C02A28C29200411A25 /* Protocols */,
				7340A44A2A1E726E00F5A9E3 /* NewTrackerView.swift */,
				7340A4482A1E726200F5A9E3 /* NewTrackerViewController.swift */,
				7387D43E2A4C92B700AC556D /* NewTrackerViewModel.swift */,
				7319D2872A1E84790075EE1F /* NewTrackerTableViewCell.swift */,
				7319D2892A1EAEF40075EE1F /* NewTrackerCollectionViewCell.swift */,
				7319D28B2A1EB4080075EE1F /* NewTrackerSupplementaryView.swift */,
				7319D28F2A1EDBC70075EE1F /* Category */,
				7319D2922A1EDC680075EE1F /* Schedule */,
			);
			path = NewTracker;
			sourceTree = "<group>";
		};
		7387D4332A4B969400AC556D /* NewCategory */ = {
			isa = PBXGroup;
			children = (
				7319D29D2A1EEA3F0075EE1F /* NewCategoryView.swift */,
				7319D29B2A1EEA030075EE1F /* NewCategoryViewController.swift */,
			);
			path = NewCategory;
			sourceTree = "<group>";
		};
		7387D43B2A4C900200AC556D /* Store */ = {
			isa = PBXGroup;
			children = (
				73EF41EB2A328EEF003F25FA /* Protocols */,
				73EF41E12A3283BF003F25FA /* TrackerStore.swift */,
				73EF41E32A3283D4003F25FA /* TrackerCategoryStore.swift */,
				73EF41E52A3283E3003F25FA /* TrackerRecordStore.swift */,
			);
			path = Store;
			sourceTree = "<group>";
		};
		73AEED6A2A4A367F009EFD9D /* Onboarding */ = {
			isa = PBXGroup;
			children = (
				73AEED6D2A4A36E6009EFD9D /* OnboardingViewController.swift */,
				73AEED752A4A375C009EFD9D /* OnboardingPageViewController.swift */,
			);
			path = Onboarding;
			sourceTree = "<group>";
		};
		73CA05052A25136C008536D4 /* Services */ = {
			isa = PBXGroup;
			children = (
				73FEF16B2A65435A00FF85A3 /* Protocols */,
				73EF41F62A33BB4E003F25FA /* Delegates */,
				7387D43B2A4C900200AC556D /* Store */,
				7339075B2A548B93003C2224 /* AlertService.swift */,
				73FEF1612A642BB900FF85A3 /* AnalyticsService.swift */,
				73EF41EE2A333173003F25FA /* DataProvider.swift */,
				730F6CDC2A26446000B752CD /* DateService.swift */,
				7387D4312A4B8AE900AC556D /* OnboardingManager.swift */,
				7387D4422A4C953400AC556D /* Observable.swift */,
				73FEF1692A65432300FF85A3 /* StatisticService.swift */,
				73CA05062A251383008536D4 /* ScheduleService.swift */,
				73EF41E72A328AEC003F25FA /* UIColorMarshalling.swift */,
				73EF41E02A327751003F25FA /* CoreData */,
			);
			path = Services;
			sourceTree = "<group>";
		};
		73DBA15A2A1652CD003FB173 = {
			isa = PBXGroup;
			children = (
				73DBA1652A1652CD003FB173 /* Tracker */,
				73DBA1642A1652CD003FB173 /* Products */,
				F4356D1AECFC8A4F0FC5B7E7 /* Pods */,
				7868080360B2C9F193FD3CEE /* Frameworks */,
			);
			sourceTree = "<group>";
		};
		73DBA1642A1652CD003FB173 /* Products */ = {
			isa = PBXGroup;
			children = (
				73DBA1632A1652CD003FB173 /* Tracker.app */,
				73E2E01C2A602F5300C4258D /* TrackerTests.xctest */,
			);
			name = Products;
			sourceTree = "<group>";
		};
		73DBA1652A1652CD003FB173 /* Tracker */ = {
			isa = PBXGroup;
			children = (
				73DBA1662A1652CD003FB173 /* AppDelegate.swift */,
				73DBA1682A1652CD003FB173 /* SceneDelegate.swift */,
				7319D2AA2A1FCA490075EE1F /* Model */,
				73CA05052A25136C008536D4 /* Services */,
				7340A4342A1E45F500F5A9E3 /* Controllers */,
				73E2E01D2A602F5300C4258D /* TrackerTests */,
				7340A43E2A1E546200F5A9E3 /* Resourses */,
				7340A4392A1E494200F5A9E3 /* Helpers */,
				73DBA16F2A1652CF003FB173 /* Assets.xcassets */,
				73DBA1712A1652CF003FB173 /* LaunchScreen.storyboard */,
				73DBA1742A1652CF003FB173 /* Info.plist */,
			);
			path = Tracker;
			sourceTree = "<group>";
		};
		73E2E0122A60280E00C4258D /* Delegates */ = {
			isa = PBXGroup;
			children = (
				73E2E0132A60284400C4258D /* CategoryTableViewCellDelegate.swift */,
			);
			path = Delegates;
			sourceTree = "<group>";
		};
		73E2E01D2A602F5300C4258D /* TrackerTests */ = {
			isa = PBXGroup;
			children = (
				73E2E01E2A602F5300C4258D /* TrackerTests.swift */,
			);
			path = TrackerTests;
			sourceTree = "<group>";
		};
		73E2E0282A60587800C4258D /* EditingCategory */ = {
			isa = PBXGroup;
			children = (
				73E2E02B2A6058A600C4258D /* EditingCategoryView.swift */,
				73E2E02D2A605B2800C4258D /* EditingCategoryViewModel.swift */,
				73E2E0292A60589000C4258D /* EditingCategoryViewController.swift */,
			);
			path = EditingCategory;
			sourceTree = "<group>";
		};
		73EF41E02A327751003F25FA /* CoreData */ = {
			isa = PBXGroup;
			children = (
				73EF41DD2A32773B003F25FA /* CoreDataModel.xcdatamodeld */,
			);
			path = CoreData;
			sourceTree = "<group>";
		};
		73EF41EB2A328EEF003F25FA /* Protocols */ = {
			isa = PBXGroup;
			children = (
				733F76392A353AAD0071EA1C /* TrackerStoreProtocol.swift */,
				733F763B2A3543BA0071EA1C /* TrackerCategoryStoreProtocol.swift */,
				73D91E792A39199300588F8E /* TrackerRecordStoreProtocol.swift */,
			);
			path = Protocols;
			sourceTree = "<group>";
		};
		73EF41F62A33BB4E003F25FA /* Delegates */ = {
			isa = PBXGroup;
			children = (
				733F763D2A367A630071EA1C /* TrackersCategoryDelegate.swift */,
				733F763F2A3680190071EA1C /* TrackersDelegate.swift */,
			);
			path = Delegates;
			sourceTree = "<group>";
		};
		73FB36BC2A28C21800411A25 /* Protocols */ = {
			isa = PBXGroup;
			children = (
				73CA05082A251777008536D4 /* ScheduleViewControllerProtocol.swift */,
				7387D44C2A4CD72700AC556D /* ScheduleViewModelProtocol.swift */,
			);
			path = Protocols;
			sourceTree = "<group>";
		};
		73FB36BD2A28C24000411A25 /* Delegates */ = {
			isa = PBXGroup;
			children = (
				73CA050A2A2522A4008536D4 /* ScheduleViewControllerDelegate.swift */,
			);
			path = Delegates;
			sourceTree = "<group>";
		};
		73FB36BE2A28C25A00411A25 /* Protocols */ = {
			isa = PBXGroup;
			children = (
				73CA04F92A24B15E008536D4 /* TrackerViewControllerProtocol.swift */,
				7387D4462A4C962E00AC556D /* TrackersViewModelProtocol.swift */,
			);
			path = Protocols;
			sourceTree = "<group>";
		};
		73FB36BF2A28C28500411A25 /* Protocols */ = {
			isa = PBXGroup;
			children = (
				73CA04FD2A24DC42008536D4 /* CreateTrackerViewControllerProtocol.swift */,
			);
			path = Protocols;
			sourceTree = "<group>";
		};
		73FB36C02A28C29200411A25 /* Protocols */ = {
			isa = PBXGroup;
			children = (
				73CA04FF2A24DC66008536D4 /* NewTrackerViewControllerProtocol.swift */,
				7387D4402A4C93B900AC556D /* NewTrackerViewModelProtocol.swift */,
			);
			path = Protocols;
			sourceTree = "<group>";
		};
		73FB36C12A28C2A700411A25 /* Protocols */ = {
			isa = PBXGroup;
			children = (
				73CA05032A24DFAD008536D4 /* NewCategoryViewControllerProtocol.swift */,
				73CA05012A24DC84008536D4 /* CategoryViewControllerProtocol.swift */,
				7387D4392A4C637F00AC556D /* CategoryViewModelProtocol.swift */,
			);
			path = Protocols;
			sourceTree = "<group>";
		};
		73FB36C22A28C30E00411A25 /* Delegates */ = {
			isa = PBXGroup;
			children = (
				73FB36C32A28C33000411A25 /* TrackerCollectionViewCellDelegate.swift */,
			);
			path = Delegates;
			sourceTree = "<group>";
		};
		73FEF16B2A65435A00FF85A3 /* Protocols */ = {
			isa = PBXGroup;
			children = (
				73FEF16C2A65436F00FF85A3 /* StatisticServiceProtocol.swift */,
			);
			path = Protocols;
			sourceTree = "<group>";
		};
		73FEF1702A654F1A00FF85A3 /* Protocols */ = {
			isa = PBXGroup;
			children = (
				73FEF1712A654F2E00FF85A3 /* StatisticViewModelProtocol.swift */,
			);
			path = Protocols;
			sourceTree = "<group>";
		};
		7868080360B2C9F193FD3CEE /* Frameworks */ = {
			isa = PBXGroup;
			children = (
				B2BFBCDD187C520024915014 /* Pods_Tracker.framework */,
				EFDCF34E10DAC3BFA14D070E /* Pods_TrackerTests.framework */,
			);
			name = Frameworks;
			sourceTree = "<group>";
		};
		F4356D1AECFC8A4F0FC5B7E7 /* Pods */ = {
			isa = PBXGroup;
			children = (
				1BC6BD6AF2DC370414560097 /* Pods-Tracker.debug.xcconfig */,
				39790B65BA7421A600230256 /* Pods-Tracker.release.xcconfig */,
				2FF784C77FB1F49C9983F969 /* Pods-TrackerTests.debug.xcconfig */,
				A0A1CFE364CB7D9E657CF208 /* Pods-TrackerTests.release.xcconfig */,
			);
			path = Pods;
			sourceTree = "<group>";
		};
/* End PBXGroup section */

/* Begin PBXNativeTarget section */
		73DBA1622A1652CD003FB173 /* Tracker */ = {
			isa = PBXNativeTarget;
			buildConfigurationList = 73DBA1772A1652CF003FB173 /* Build configuration list for PBXNativeTarget "Tracker" */;
			buildPhases = (
				73F14DFF8DC4EEF004948ACE /* [CP] Check Pods Manifest.lock */,
				73DBA15F2A1652CD003FB173 /* Sources */,
				73DBA1602A1652CD003FB173 /* Frameworks */,
				73DBA1612A1652CD003FB173 /* Resources */,
				CCA72DD82E741171D08ED415 /* [CP] Embed Pods Frameworks */,
			);
			buildRules = (
			);
			dependencies = (
			);
			name = Tracker;
			packageProductDependencies = (
				73DBA17B2A167603003FB173 /* SnapKit */,
			);
			productName = Tracker;
			productReference = 73DBA1632A1652CD003FB173 /* Tracker.app */;
			productType = "com.apple.product-type.application";
		};
		73E2E01B2A602F5300C4258D /* TrackerTests */ = {
			isa = PBXNativeTarget;
			buildConfigurationList = 73E2E0222A602F5300C4258D /* Build configuration list for PBXNativeTarget "TrackerTests" */;
			buildPhases = (
				020A79BCCC07B552C533B99B /* [CP] Check Pods Manifest.lock */,
				73E2E0182A602F5300C4258D /* Sources */,
				73E2E0192A602F5300C4258D /* Frameworks */,
				73E2E01A2A602F5300C4258D /* Resources */,
			);
			buildRules = (
			);
			dependencies = (
				73E2E0212A602F5300C4258D /* PBXTargetDependency */,
			);
			name = TrackerTests;
			packageProductDependencies = (
				73E2E0262A602FC500C4258D /* SnapshotTesting */,
			);
			productName = TrackerTests;
			productReference = 73E2E01C2A602F5300C4258D /* TrackerTests.xctest */;
			productType = "com.apple.product-type.bundle.unit-test";
		};
/* End PBXNativeTarget section */

/* Begin PBXProject section */
		73DBA15B2A1652CD003FB173 /* Project object */ = {
			isa = PBXProject;
			attributes = {
				BuildIndependentTargetsInParallel = 1;
				LastSwiftUpdateCheck = 1430;
				LastUpgradeCheck = 1430;
				TargetAttributes = {
					73DBA1622A1652CD003FB173 = {
						CreatedOnToolsVersion = 14.3;
					};
					73E2E01B2A602F5300C4258D = {
						CreatedOnToolsVersion = 14.3.1;
						TestTargetID = 73DBA1622A1652CD003FB173;
					};
				};
			};
			buildConfigurationList = 73DBA15E2A1652CD003FB173 /* Build configuration list for PBXProject "Tracker" */;
			compatibilityVersion = "Xcode 14.0";
			developmentRegion = en;
			hasScannedForEncodings = 0;
			knownRegions = (
				en,
				Base,
				ru,
				he,
			);
			mainGroup = 73DBA15A2A1652CD003FB173;
			packageReferences = (
				73DBA17A2A167603003FB173 /* XCRemoteSwiftPackageReference "SnapKit" */,
				73E2E0252A602FC500C4258D /* XCRemoteSwiftPackageReference "swift-snapshot-testing" */,
			);
			productRefGroup = 73DBA1642A1652CD003FB173 /* Products */;
			projectDirPath = "";
			projectRoot = "";
			targets = (
				73DBA1622A1652CD003FB173 /* Tracker */,
				73E2E01B2A602F5300C4258D /* TrackerTests */,
			);
		};
/* End PBXProject section */

/* Begin PBXResourcesBuildPhase section */
		73DBA1612A1652CD003FB173 /* Resources */ = {
			isa = PBXResourcesBuildPhase;
			buildActionMask = 2147483647;
			files = (
				73DBA1732A1652CF003FB173 /* LaunchScreen.storyboard in Resources */,
				73CFD12C2A541CE30090BF24 /* Localizable.stringsdict in Resources */,
				73CFD1232A5309420090BF24 /* Localizable.strings in Resources */,
				73DBA1702A1652CF003FB173 /* Assets.xcassets in Resources */,
			);
			runOnlyForDeploymentPostprocessing = 0;
		};
		73E2E01A2A602F5300C4258D /* Resources */ = {
			isa = PBXResourcesBuildPhase;
			buildActionMask = 2147483647;
			files = (
			);
			runOnlyForDeploymentPostprocessing = 0;
		};
/* End PBXResourcesBuildPhase section */

/* Begin PBXShellScriptBuildPhase section */
		020A79BCCC07B552C533B99B /* [CP] Check Pods Manifest.lock */ = {
			isa = PBXShellScriptBuildPhase;
			buildActionMask = 2147483647;
			files = (
			);
			inputFileListPaths = (
			);
			inputPaths = (
				"${PODS_PODFILE_DIR_PATH}/Podfile.lock",
				"${PODS_ROOT}/Manifest.lock",
			);
			name = "[CP] Check Pods Manifest.lock";
			outputFileListPaths = (
			);
			outputPaths = (
				"$(DERIVED_FILE_DIR)/Pods-TrackerTests-checkManifestLockResult.txt",
			);
			runOnlyForDeploymentPostprocessing = 0;
			shellPath = /bin/sh;
			shellScript = "diff \"${PODS_PODFILE_DIR_PATH}/Podfile.lock\" \"${PODS_ROOT}/Manifest.lock\" > /dev/null\nif [ $? != 0 ] ; then\n    # print error to STDERR\n    echo \"error: The sandbox is not in sync with the Podfile.lock. Run 'pod install' or update your CocoaPods installation.\" >&2\n    exit 1\nfi\n# This output is used by Xcode 'outputs' to avoid re-running this script phase.\necho \"SUCCESS\" > \"${SCRIPT_OUTPUT_FILE_0}\"\n";
			showEnvVarsInLog = 0;
		};
		73F14DFF8DC4EEF004948ACE /* [CP] Check Pods Manifest.lock */ = {
			isa = PBXShellScriptBuildPhase;
			buildActionMask = 2147483647;
			files = (
			);
			inputFileListPaths = (
			);
			inputPaths = (
				"${PODS_PODFILE_DIR_PATH}/Podfile.lock",
				"${PODS_ROOT}/Manifest.lock",
			);
			name = "[CP] Check Pods Manifest.lock";
			outputFileListPaths = (
			);
			outputPaths = (
				"$(DERIVED_FILE_DIR)/Pods-Tracker-checkManifestLockResult.txt",
			);
			runOnlyForDeploymentPostprocessing = 0;
			shellPath = /bin/sh;
			shellScript = "diff \"${PODS_PODFILE_DIR_PATH}/Podfile.lock\" \"${PODS_ROOT}/Manifest.lock\" > /dev/null\nif [ $? != 0 ] ; then\n    # print error to STDERR\n    echo \"error: The sandbox is not in sync with the Podfile.lock. Run 'pod install' or update your CocoaPods installation.\" >&2\n    exit 1\nfi\n# This output is used by Xcode 'outputs' to avoid re-running this script phase.\necho \"SUCCESS\" > \"${SCRIPT_OUTPUT_FILE_0}\"\n";
			showEnvVarsInLog = 0;
		};
		CCA72DD82E741171D08ED415 /* [CP] Embed Pods Frameworks */ = {
			isa = PBXShellScriptBuildPhase;
			buildActionMask = 2147483647;
			files = (
			);
			inputFileListPaths = (
				"${PODS_ROOT}/Target Support Files/Pods-Tracker/Pods-Tracker-frameworks-${CONFIGURATION}-input-files.xcfilelist",
			);
			name = "[CP] Embed Pods Frameworks";
			outputFileListPaths = (
				"${PODS_ROOT}/Target Support Files/Pods-Tracker/Pods-Tracker-frameworks-${CONFIGURATION}-output-files.xcfilelist",
			);
			runOnlyForDeploymentPostprocessing = 0;
			shellPath = /bin/sh;
			shellScript = "\"${PODS_ROOT}/Target Support Files/Pods-Tracker/Pods-Tracker-frameworks.sh\"\n";
			showEnvVarsInLog = 0;
		};
/* End PBXShellScriptBuildPhase section */

/* Begin PBXSourcesBuildPhase section */
		73DBA15F2A1652CD003FB173 /* Sources */ = {
			isa = PBXSourcesBuildPhase;
			buildActionMask = 2147483647;
			files = (
				73FEF1642A6533DF00FF85A3 /* CALayer + Extension.swift in Sources */,
				73AEED6E2A4A36E6009EFD9D /* OnboardingViewController.swift in Sources */,
				73EF41E22A3283BF003F25FA /* TrackerStore.swift in Sources */,
				7319D2A02A1F5BF90075EE1F /* TrackersView.swift in Sources */,
				73CFD1272A530A2F0090BF24 /* LocalizableConstants.swift in Sources */,
				7319D2AE2A1FCA730075EE1F /* TrackerCategory.swift in Sources */,
				7340A4462A1E68A600F5A9E3 /* CreateTrackerView.swift in Sources */,
				73CA05002A24DC66008536D4 /* NewTrackerViewControllerProtocol.swift in Sources */,
				733F763A2A353AAD0071EA1C /* TrackerStoreProtocol.swift in Sources */,
				7319D2882A1E84790075EE1F /* NewTrackerTableViewCell.swift in Sources */,
				73CA05042A24DFAD008536D4 /* NewCategoryViewControllerProtocol.swift in Sources */,
				7319D2942A1EDC860075EE1F /* ScheduleViewController.swift in Sources */,
				73FEF16A2A65432300FF85A3 /* StatisticService.swift in Sources */,
				73FEF1682A653A2F00FF85A3 /* StatisticCellView.swift in Sources */,
				7319D2B02A1FCA7F0075EE1F /* TrackerRecord.swift in Sources */,
				7319D28C2A1EB4080075EE1F /* NewTrackerSupplementaryView.swift in Sources */,
				7319D29C2A1EEA030075EE1F /* NewCategoryViewController.swift in Sources */,
				7339075C2A548B93003C2224 /* AlertService.swift in Sources */,
				7387D4452A4C95F800AC556D /* TrackersViewModel.swift in Sources */,
				73E2E0142A60284400C4258D /* CategoryTableViewCellDelegate.swift in Sources */,
				73DBA16B2A1652CD003FB173 /* TrackersViewController.swift in Sources */,
				7387D43F2A4C92B700AC556D /* NewTrackerViewModel.swift in Sources */,
				7319D2912A1EDBE40075EE1F /* CategoryViewController.swift in Sources */,
				73D91E7A2A39199300588F8E /* TrackerRecordStoreProtocol.swift in Sources */,
				7319D29A2A1EE53F0075EE1F /* ScheduleTableViewCell.swift in Sources */,
				73FEF16F2A65440800FF85A3 /* TrackerStatistic.swift in Sources */,
				73EF41E42A3283D4003F25FA /* TrackerCategoryStore.swift in Sources */,
				7387D44D2A4CD72700AC556D /* ScheduleViewModelProtocol.swift in Sources */,
				73FEF1662A6536C400FF85A3 /* StatisticView.swift in Sources */,
				733F763C2A3543BA0071EA1C /* TrackerCategoryStoreProtocol.swift in Sources */,
				73AEED762A4A375C009EFD9D /* OnboardingPageViewController.swift in Sources */,
				73FEF1622A642BB900FF85A3 /* AnalyticsService.swift in Sources */,
				7387D43A2A4C637F00AC556D /* CategoryViewModelProtocol.swift in Sources */,
				7340A4362A1E460900F5A9E3 /* TabBarController.swift in Sources */,
				7319D2A42A1F8A390075EE1F /* TrackersSupplementaryView.swift in Sources */,
				73CA05072A251383008536D4 /* ScheduleService.swift in Sources */,
				73CA05092A251777008536D4 /* ScheduleViewControllerProtocol.swift in Sources */,
				73EF41E62A3283E3003F25FA /* TrackerRecordStore.swift in Sources */,
				73FB36C42A28C33000411A25 /* TrackerCollectionViewCellDelegate.swift in Sources */,
				7319D29E2A1EEA3F0075EE1F /* NewCategoryView.swift in Sources */,
				73DBA1672A1652CD003FB173 /* AppDelegate.swift in Sources */,
				7387D4432A4C953400AC556D /* Observable.swift in Sources */,
				7319D2962A1EDD830075EE1F /* CategoryView.swift in Sources */,
				73E2E02C2A6058A600C4258D /* EditingCategoryView.swift in Sources */,
				7319D2A22A1F60C60075EE1F /* TrackersCollectionViewCell.swift in Sources */,
				73FEF1742A654F5D00FF85A3 /* StatisticViewModel.swift in Sources */,
				7340A4492A1E726200F5A9E3 /* NewTrackerViewController.swift in Sources */,
				73CA04FA2A24B15E008536D4 /* TrackerViewControllerProtocol.swift in Sources */,
				7340A43B2A1E497100F5A9E3 /* UIColor + Extension.swift in Sources */,
				7340A4402A1E547900F5A9E3 /* Resourses.swift in Sources */,
				73E2E02E2A605B2800C4258D /* EditingCategoryViewModel.swift in Sources */,
				733F76402A3680190071EA1C /* TrackersDelegate.swift in Sources */,
				7387D4412A4C93B900AC556D /* NewTrackerViewModelProtocol.swift in Sources */,
				73EF41EF2A333173003F25FA /* DataProvider.swift in Sources */,
				7319D2A82A1F9D2C0075EE1F /* FilterTableViewCell.swift in Sources */,
				73FEF1722A654F2E00FF85A3 /* StatisticViewModelProtocol.swift in Sources */,
				7340A4382A1E46BF00F5A9E3 /* StatisticViewController.swift in Sources */,
				73CA04F52A213E62008536D4 /* CategoryTableViewCell.swift in Sources */,
				73CA050B2A2522A4008536D4 /* ScheduleViewControllerDelegate.swift in Sources */,
				7387D4472A4C962E00AC556D /* TrackersViewModelProtocol.swift in Sources */,
				730F6CDD2A26446000B752CD /* DateService.swift in Sources */,
				73EF41DF2A32773B003F25FA /* CoreDataModel.xcdatamodeld in Sources */,
				7387D4322A4B8AE900AC556D /* OnboardingManager.swift in Sources */,
				73CA04FE2A24DC43008536D4 /* CreateTrackerViewControllerProtocol.swift in Sources */,
				7387D44B2A4CD6EA00AC556D /* ScheduleViewModel.swift in Sources */,
				7319D2AC2A1FCA620075EE1F /* Tracker.swift in Sources */,
				73CA05022A24DC84008536D4 /* CategoryViewControllerProtocol.swift in Sources */,
				7319D2A62A1F9B790075EE1F /* FilterViewController.swift in Sources */,
				73EF41E82A328AEC003F25FA /* UIColorMarshalling.swift in Sources */,
				7340A44B2A1E726E00F5A9E3 /* NewTrackerView.swift in Sources */,
				7340A4432A1E686900F5A9E3 /* CreateTrackerViewController.swift in Sources */,
				7319D28A2A1EAEF40075EE1F /* NewTrackerCollectionViewCell.swift in Sources */,
				73FEF16D2A65436F00FF85A3 /* StatisticServiceProtocol.swift in Sources */,
				7387D4362A4B970800AC556D /* CategoryViewModel.swift in Sources */,
				73741F1F2A65E52A00BB0ECE /* FilterViewModel.swift in Sources */,
				73E2E02A2A60589000C4258D /* EditingCategoryViewController.swift in Sources */,
				733F763E2A367A630071EA1C /* TrackersCategoryDelegate.swift in Sources */,
				73DBA1692A1652CD003FB173 /* SceneDelegate.swift in Sources */,
				7319D2982A1EE1F30075EE1F /* ScheduleView.swift in Sources */,
			);
			runOnlyForDeploymentPostprocessing = 0;
		};
		73E2E0182A602F5300C4258D /* Sources */ = {
			isa = PBXSourcesBuildPhase;
			buildActionMask = 2147483647;
			files = (
				73E2E01F2A602F5300C4258D /* TrackerTests.swift in Sources */,
			);
			runOnlyForDeploymentPostprocessing = 0;
		};
/* End PBXSourcesBuildPhase section */

/* Begin PBXTargetDependency section */
		73E2E0212A602F5300C4258D /* PBXTargetDependency */ = {
			isa = PBXTargetDependency;
			target = 73DBA1622A1652CD003FB173 /* Tracker */;
			targetProxy = 73E2E0202A602F5300C4258D /* PBXContainerItemProxy */;
		};
/* End PBXTargetDependency section */

/* Begin PBXVariantGroup section */
		73CFD1252A5309420090BF24 /* Localizable.strings */ = {
			isa = PBXVariantGroup;
			children = (
				73CFD1242A5309420090BF24 /* en */,
				73CFD1282A530ACE0090BF24 /* ru */,
				73CFD1292A5335D70090BF24 /* he */,
			);
			name = Localizable.strings;
			sourceTree = "<group>";
		};
		73CFD12E2A541CE40090BF24 /* Localizable.stringsdict */ = {
			isa = PBXVariantGroup;
			children = (
				73CFD12D2A541CE40090BF24 /* en */,
				73CFD12F2A541CE70090BF24 /* he */,
				73CFD1302A541CE80090BF24 /* ru */,
			);
			name = Localizable.stringsdict;
			sourceTree = "<group>";
		};
		73DBA1712A1652CF003FB173 /* LaunchScreen.storyboard */ = {
			isa = PBXVariantGroup;
			children = (
				73DBA1722A1652CF003FB173 /* Base */,
			);
			name = LaunchScreen.storyboard;
			sourceTree = "<group>";
		};
/* End PBXVariantGroup section */

/* Begin XCBuildConfiguration section */
		73DBA1752A1652CF003FB173 /* Debug */ = {
			isa = XCBuildConfiguration;
			buildSettings = {
				ALWAYS_SEARCH_USER_PATHS = NO;
				CLANG_ANALYZER_LOCALIZABILITY_NONLOCALIZED = YES;
				CLANG_ANALYZER_NONNULL = YES;
				CLANG_ANALYZER_NUMBER_OBJECT_CONVERSION = YES_AGGRESSIVE;
				CLANG_CXX_LANGUAGE_STANDARD = "gnu++20";
				CLANG_ENABLE_MODULES = YES;
				CLANG_ENABLE_OBJC_ARC = YES;
				CLANG_ENABLE_OBJC_WEAK = YES;
				CLANG_WARN_BLOCK_CAPTURE_AUTORELEASING = YES;
				CLANG_WARN_BOOL_CONVERSION = YES;
				CLANG_WARN_COMMA = YES;
				CLANG_WARN_CONSTANT_CONVERSION = YES;
				CLANG_WARN_DEPRECATED_OBJC_IMPLEMENTATIONS = YES;
				CLANG_WARN_DIRECT_OBJC_ISA_USAGE = YES_ERROR;
				CLANG_WARN_DOCUMENTATION_COMMENTS = YES;
				CLANG_WARN_EMPTY_BODY = YES;
				CLANG_WARN_ENUM_CONVERSION = YES;
				CLANG_WARN_INFINITE_RECURSION = YES;
				CLANG_WARN_INT_CONVERSION = YES;
				CLANG_WARN_NON_LITERAL_NULL_CONVERSION = YES;
				CLANG_WARN_OBJC_IMPLICIT_RETAIN_SELF = YES;
				CLANG_WARN_OBJC_LITERAL_CONVERSION = YES;
				CLANG_WARN_OBJC_ROOT_CLASS = YES_ERROR;
				CLANG_WARN_QUOTED_INCLUDE_IN_FRAMEWORK_HEADER = YES;
				CLANG_WARN_RANGE_LOOP_ANALYSIS = YES;
				CLANG_WARN_STRICT_PROTOTYPES = YES;
				CLANG_WARN_SUSPICIOUS_MOVE = YES;
				CLANG_WARN_UNGUARDED_AVAILABILITY = YES_AGGRESSIVE;
				CLANG_WARN_UNREACHABLE_CODE = YES;
				CLANG_WARN__DUPLICATE_METHOD_MATCH = YES;
				COPY_PHASE_STRIP = NO;
				DEBUG_INFORMATION_FORMAT = dwarf;
				ENABLE_STRICT_OBJC_MSGSEND = YES;
				ENABLE_TESTABILITY = YES;
				GCC_C_LANGUAGE_STANDARD = gnu11;
				GCC_DYNAMIC_NO_PIC = NO;
				GCC_NO_COMMON_BLOCKS = YES;
				GCC_OPTIMIZATION_LEVEL = 0;
				GCC_PREPROCESSOR_DEFINITIONS = (
					"DEBUG=1",
					"$(inherited)",
				);
				GCC_WARN_64_TO_32_BIT_CONVERSION = YES;
				GCC_WARN_ABOUT_RETURN_TYPE = YES_ERROR;
				GCC_WARN_UNDECLARED_SELECTOR = YES;
				GCC_WARN_UNINITIALIZED_AUTOS = YES_AGGRESSIVE;
				GCC_WARN_UNUSED_FUNCTION = YES;
				GCC_WARN_UNUSED_VARIABLE = YES;
				IPHONEOS_DEPLOYMENT_TARGET = 16.4;
				MTL_ENABLE_DEBUG_INFO = INCLUDE_SOURCE;
				MTL_FAST_MATH = YES;
				ONLY_ACTIVE_ARCH = YES;
				SDKROOT = iphoneos;
				SWIFT_ACTIVE_COMPILATION_CONDITIONS = DEBUG;
				SWIFT_OPTIMIZATION_LEVEL = "-Onone";
			};
			name = Debug;
		};
		73DBA1762A1652CF003FB173 /* Release */ = {
			isa = XCBuildConfiguration;
			buildSettings = {
				ALWAYS_SEARCH_USER_PATHS = NO;
				CLANG_ANALYZER_LOCALIZABILITY_NONLOCALIZED = YES;
				CLANG_ANALYZER_NONNULL = YES;
				CLANG_ANALYZER_NUMBER_OBJECT_CONVERSION = YES_AGGRESSIVE;
				CLANG_CXX_LANGUAGE_STANDARD = "gnu++20";
				CLANG_ENABLE_MODULES = YES;
				CLANG_ENABLE_OBJC_ARC = YES;
				CLANG_ENABLE_OBJC_WEAK = YES;
				CLANG_WARN_BLOCK_CAPTURE_AUTORELEASING = YES;
				CLANG_WARN_BOOL_CONVERSION = YES;
				CLANG_WARN_COMMA = YES;
				CLANG_WARN_CONSTANT_CONVERSION = YES;
				CLANG_WARN_DEPRECATED_OBJC_IMPLEMENTATIONS = YES;
				CLANG_WARN_DIRECT_OBJC_ISA_USAGE = YES_ERROR;
				CLANG_WARN_DOCUMENTATION_COMMENTS = YES;
				CLANG_WARN_EMPTY_BODY = YES;
				CLANG_WARN_ENUM_CONVERSION = YES;
				CLANG_WARN_INFINITE_RECURSION = YES;
				CLANG_WARN_INT_CONVERSION = YES;
				CLANG_WARN_NON_LITERAL_NULL_CONVERSION = YES;
				CLANG_WARN_OBJC_IMPLICIT_RETAIN_SELF = YES;
				CLANG_WARN_OBJC_LITERAL_CONVERSION = YES;
				CLANG_WARN_OBJC_ROOT_CLASS = YES_ERROR;
				CLANG_WARN_QUOTED_INCLUDE_IN_FRAMEWORK_HEADER = YES;
				CLANG_WARN_RANGE_LOOP_ANALYSIS = YES;
				CLANG_WARN_STRICT_PROTOTYPES = YES;
				CLANG_WARN_SUSPICIOUS_MOVE = YES;
				CLANG_WARN_UNGUARDED_AVAILABILITY = YES_AGGRESSIVE;
				CLANG_WARN_UNREACHABLE_CODE = YES;
				CLANG_WARN__DUPLICATE_METHOD_MATCH = YES;
				COPY_PHASE_STRIP = NO;
				DEBUG_INFORMATION_FORMAT = "dwarf-with-dsym";
				ENABLE_NS_ASSERTIONS = NO;
				ENABLE_STRICT_OBJC_MSGSEND = YES;
				GCC_C_LANGUAGE_STANDARD = gnu11;
				GCC_NO_COMMON_BLOCKS = YES;
				GCC_WARN_64_TO_32_BIT_CONVERSION = YES;
				GCC_WARN_ABOUT_RETURN_TYPE = YES_ERROR;
				GCC_WARN_UNDECLARED_SELECTOR = YES;
				GCC_WARN_UNINITIALIZED_AUTOS = YES_AGGRESSIVE;
				GCC_WARN_UNUSED_FUNCTION = YES;
				GCC_WARN_UNUSED_VARIABLE = YES;
				IPHONEOS_DEPLOYMENT_TARGET = 16.4;
				MTL_ENABLE_DEBUG_INFO = NO;
				MTL_FAST_MATH = YES;
				SDKROOT = iphoneos;
				SWIFT_COMPILATION_MODE = wholemodule;
				SWIFT_OPTIMIZATION_LEVEL = "-O";
				VALIDATE_PRODUCT = YES;
			};
			name = Release;
		};
		73DBA1782A1652CF003FB173 /* Debug */ = {
			isa = XCBuildConfiguration;
			baseConfigurationReference = 1BC6BD6AF2DC370414560097 /* Pods-Tracker.debug.xcconfig */;
			buildSettings = {
				ASSETCATALOG_COMPILER_APPICON_NAME = AppIcon;
				ASSETCATALOG_COMPILER_GLOBAL_ACCENT_COLOR_NAME = AccentColor;
				CODE_SIGN_STYLE = Automatic;
				CURRENT_PROJECT_VERSION = 1;
				DEVELOPMENT_TEAM = P9RVPJP565;
				GENERATE_INFOPLIST_FILE = YES;
				INFOPLIST_FILE = Tracker/Info.plist;
				INFOPLIST_KEY_UIApplicationSupportsIndirectInputEvents = YES;
				INFOPLIST_KEY_UILaunchStoryboardName = LaunchScreen;
				INFOPLIST_KEY_UIStatusBarHidden = NO;
				INFOPLIST_KEY_UIStatusBarStyle = "";
				INFOPLIST_KEY_UISupportedInterfaceOrientations = UIInterfaceOrientationPortrait;
				INFOPLIST_KEY_UISupportedInterfaceOrientations_iPad = "UIInterfaceOrientationLandscapeLeft UIInterfaceOrientationLandscapeRight UIInterfaceOrientationPortrait UIInterfaceOrientationPortraitUpsideDown";
				IPHONEOS_DEPLOYMENT_TARGET = 13.4;
				LD_RUNPATH_SEARCH_PATHS = (
					"$(inherited)",
					"@executable_path/Frameworks",
				);
				MARKETING_VERSION = 1.0;
				PRODUCT_BUNDLE_IDENTIFIER = qwe.Tracker;
				PRODUCT_NAME = "$(TARGET_NAME)";
				SUPPORTED_PLATFORMS = "iphoneos iphonesimulator";
				SUPPORTS_MACCATALYST = NO;
				SUPPORTS_MAC_DESIGNED_FOR_IPHONE_IPAD = YES;
				SWIFT_EMIT_LOC_STRINGS = YES;
				SWIFT_VERSION = 5.0;
				TARGETED_DEVICE_FAMILY = 1;
			};
			name = Debug;
		};
		73DBA1792A1652CF003FB173 /* Release */ = {
			isa = XCBuildConfiguration;
			baseConfigurationReference = 39790B65BA7421A600230256 /* Pods-Tracker.release.xcconfig */;
			buildSettings = {
				ASSETCATALOG_COMPILER_APPICON_NAME = AppIcon;
				ASSETCATALOG_COMPILER_GLOBAL_ACCENT_COLOR_NAME = AccentColor;
				CODE_SIGN_STYLE = Automatic;
				CURRENT_PROJECT_VERSION = 1;
				DEVELOPMENT_TEAM = P9RVPJP565;
				GENERATE_INFOPLIST_FILE = YES;
				INFOPLIST_FILE = Tracker/Info.plist;
				INFOPLIST_KEY_UIApplicationSupportsIndirectInputEvents = YES;
				INFOPLIST_KEY_UILaunchStoryboardName = LaunchScreen;
				INFOPLIST_KEY_UIStatusBarHidden = NO;
				INFOPLIST_KEY_UIStatusBarStyle = "";
				INFOPLIST_KEY_UISupportedInterfaceOrientations = UIInterfaceOrientationPortrait;
				INFOPLIST_KEY_UISupportedInterfaceOrientations_iPad = "UIInterfaceOrientationLandscapeLeft UIInterfaceOrientationLandscapeRight UIInterfaceOrientationPortrait UIInterfaceOrientationPortraitUpsideDown";
				IPHONEOS_DEPLOYMENT_TARGET = 13.4;
				LD_RUNPATH_SEARCH_PATHS = (
					"$(inherited)",
					"@executable_path/Frameworks",
				);
				MARKETING_VERSION = 1.0;
				PRODUCT_BUNDLE_IDENTIFIER = qwe.Tracker;
				PRODUCT_NAME = "$(TARGET_NAME)";
				SUPPORTED_PLATFORMS = "iphoneos iphonesimulator";
				SUPPORTS_MACCATALYST = NO;
				SUPPORTS_MAC_DESIGNED_FOR_IPHONE_IPAD = YES;
				SWIFT_EMIT_LOC_STRINGS = YES;
				SWIFT_VERSION = 5.0;
				TARGETED_DEVICE_FAMILY = 1;
			};
			name = Release;
		};
		73E2E0232A602F5300C4258D /* Debug */ = {
			isa = XCBuildConfiguration;
			baseConfigurationReference = 2FF784C77FB1F49C9983F969 /* Pods-TrackerTests.debug.xcconfig */;
			buildSettings = {
				BUNDLE_LOADER = "$(TEST_HOST)";
				CODE_SIGN_STYLE = Automatic;
				CURRENT_PROJECT_VERSION = 1;
				DEVELOPMENT_TEAM = P9RVPJP565;
				GENERATE_INFOPLIST_FILE = YES;
				MARKETING_VERSION = 1.0;
				PRODUCT_BUNDLE_IDENTIFIER = qwe.TrackerTests;
				PRODUCT_NAME = "$(TARGET_NAME)";
				SWIFT_EMIT_LOC_STRINGS = NO;
				SWIFT_VERSION = 5.0;
				TARGETED_DEVICE_FAMILY = "1,2";
				TEST_HOST = "$(BUILT_PRODUCTS_DIR)/Tracker.app/$(BUNDLE_EXECUTABLE_FOLDER_PATH)/Tracker";
			};
			name = Debug;
		};
		73E2E0242A602F5300C4258D /* Release */ = {
			isa = XCBuildConfiguration;
			baseConfigurationReference = A0A1CFE364CB7D9E657CF208 /* Pods-TrackerTests.release.xcconfig */;
			buildSettings = {
				BUNDLE_LOADER = "$(TEST_HOST)";
				CODE_SIGN_STYLE = Automatic;
				CURRENT_PROJECT_VERSION = 1;
				DEVELOPMENT_TEAM = P9RVPJP565;
				GENERATE_INFOPLIST_FILE = YES;
				MARKETING_VERSION = 1.0;
				PRODUCT_BUNDLE_IDENTIFIER = qwe.TrackerTests;
				PRODUCT_NAME = "$(TARGET_NAME)";
				SWIFT_EMIT_LOC_STRINGS = NO;
				SWIFT_VERSION = 5.0;
				TARGETED_DEVICE_FAMILY = "1,2";
				TEST_HOST = "$(BUILT_PRODUCTS_DIR)/Tracker.app/$(BUNDLE_EXECUTABLE_FOLDER_PATH)/Tracker";
			};
			name = Release;
		};
/* End XCBuildConfiguration section */

/* Begin XCConfigurationList section */
		73DBA15E2A1652CD003FB173 /* Build configuration list for PBXProject "Tracker" */ = {
			isa = XCConfigurationList;
			buildConfigurations = (
				73DBA1752A1652CF003FB173 /* Debug */,
				73DBA1762A1652CF003FB173 /* Release */,
			);
			defaultConfigurationIsVisible = 0;
			defaultConfigurationName = Release;
		};
		73DBA1772A1652CF003FB173 /* Build configuration list for PBXNativeTarget "Tracker" */ = {
			isa = XCConfigurationList;
			buildConfigurations = (
				73DBA1782A1652CF003FB173 /* Debug */,
				73DBA1792A1652CF003FB173 /* Release */,
			);
			defaultConfigurationIsVisible = 0;
			defaultConfigurationName = Release;
		};
		73E2E0222A602F5300C4258D /* Build configuration list for PBXNativeTarget "TrackerTests" */ = {
			isa = XCConfigurationList;
			buildConfigurations = (
				73E2E0232A602F5300C4258D /* Debug */,
				73E2E0242A602F5300C4258D /* Release */,
			);
			defaultConfigurationIsVisible = 0;
			defaultConfigurationName = Release;
		};
/* End XCConfigurationList section */

/* Begin XCRemoteSwiftPackageReference section */
		73DBA17A2A167603003FB173 /* XCRemoteSwiftPackageReference "SnapKit" */ = {
			isa = XCRemoteSwiftPackageReference;
			repositoryURL = "https://github.com/SnapKit/SnapKit.git";
			requirement = {
				kind = exactVersion;
				version = 5.6.0;
			};
		};
		73E2E0252A602FC500C4258D /* XCRemoteSwiftPackageReference "swift-snapshot-testing" */ = {
			isa = XCRemoteSwiftPackageReference;
			repositoryURL = "https://github.com/pointfreeco/swift-snapshot-testing.git";
			requirement = {
				kind = exactVersion;
				version = 1.11.1;
			};
		};
/* End XCRemoteSwiftPackageReference section */

/* Begin XCSwiftPackageProductDependency section */
		73DBA17B2A167603003FB173 /* SnapKit */ = {
			isa = XCSwiftPackageProductDependency;
			package = 73DBA17A2A167603003FB173 /* XCRemoteSwiftPackageReference "SnapKit" */;
			productName = SnapKit;
		};
		73E2E0262A602FC500C4258D /* SnapshotTesting */ = {
			isa = XCSwiftPackageProductDependency;
			package = 73E2E0252A602FC500C4258D /* XCRemoteSwiftPackageReference "swift-snapshot-testing" */;
			productName = SnapshotTesting;
		};
/* End XCSwiftPackageProductDependency section */

/* Begin XCVersionGroup section */
		73EF41DD2A32773B003F25FA /* CoreDataModel.xcdatamodeld */ = {
			isa = XCVersionGroup;
			children = (
				73EF41DE2A32773B003F25FA /* CoreDataModel.xcdatamodel */,
			);
			currentVersion = 73EF41DE2A32773B003F25FA /* CoreDataModel.xcdatamodel */;
			path = CoreDataModel.xcdatamodeld;
			sourceTree = "<group>";
			versionGroupType = wrapper.xcdatamodel;
		};
/* End XCVersionGroup section */
	};
	rootObject = 73DBA15B2A1652CD003FB173 /* Project object */;
}
